
Microsoft Visual Studio Solution File, Format Version 12.00
# Visual Studio 15
VisualStudioVersion = 15.0.28307.902
MinimumVisualStudioVersion = 10.0.40219.1
Project("{FAE04EC0-301F-11D3-BF4B-00C04F79EFBC}") = "tar1", "tar1\tar1.csproj", "{7F3DECE3-E8FF-48B5-A5EC-355BAD238A69}"
EndProject
Global
	GlobalSection(SolutionConfigurationPlatforms) = preSolution
		Debug|Any CPU = Debug|Any CPU
		Release|Any CPU = Release|Any CPU
	EndGlobalSection
	GlobalSection(ProjectConfigurationPlatforms) = postSolution
		{7F3DECE3-E8FF-48B5-A5EC-355BAD238A69}.Debug|Any CPU.ActiveCfg = Debug|Any CPU
		{7F3DECE3-E8FF-48B5-A5EC-355BAD238A69}.Debug|Any CPU.Build.0 = Debug|Any CPU
		{7F3DECE3-E8FF-48B5-A5EC-355BAD238A69}.Release|Any CPU.ActiveCfg = Release|Any CPU
		{7F3DECE3-E8FF-48B5-A5EC-355BAD238A69}.Release|Any CPU.Build.0 = Release|Any CPU
	EndGlobalSection
	GlobalSection(SolutionProperties) = preSolution
		HideSolutionNode = FALSE
	EndGlobalSection
	GlobalSection(ExtensibilityGlobals) = postSolution
		SolutionGuid = {576D32B8-E465-40C1-85E7-83DB3439E279}
	EndGlobalSection
EndGlobal
